packages:
  - package: dbt-labs/dbt_utils
    version: 1.3.0
  - package: dbt-labs/codegen
    version: 0.13.1
  - package: fivetran/github
    version: 0.8.1
  - package: fivetran/github_source
    version: 0.8.0
  - package: fivetran/fivetran_utils
    version: 0.4.10
  - package: dbt-labs/spark_utils
    version: 0.3.0
sha1_hash: b0a57fa321447769f056d6e8055c839cfa06a93c
